// !$*UTF8*$!
{
	archiveVersion = 1;
	classes = {
	};
	objectVersion = 77;
	objects = {

/* Begin PBXContainerItemProxy section */
		9DDE218A2CFD851100AB4798 /* PBXContainerItemProxy */ = {
			isa = PBXContainerItemProxy;
			containerPortal = 9DDE21682CFD850F00AB4798 /* Project object */;
			proxyType = 1;
			remoteGlobalIDString = 9DDE216F2CFD850F00AB4798;
			remoteInfo = Login_Firebase;
		};
		9DDE21942CFD851100AB4798 /* PBXContainerItemProxy */ = {
			isa = PBXContainerItemProxy;
			containerPortal = 9DDE21682CFD850F00AB4798 /* Project object */;
			proxyType = 1;
			remoteGlobalIDString = 9DDE216F2CFD850F00AB4798;
			remoteInfo = Login_Firebase;
		};
/* End PBXContainerItemProxy section */

/* Begin PBXFileReference section */
		9DDE21702CFD850F00AB4798 /* Login_Firebase.app */ = {isa = PBXFileReference; explicitFileType = wrapper.application; includeInIndex = 0; path = Login_Firebase.app; sourceTree = BUILT_PRODUCTS_DIR; };
		9DDE21892CFD851100AB4798 /* Login_FirebaseTests.xctest */ = {isa = PBXFileReference; explicitFileType = wrapper.cfbundle; includeInIndex = 0; path = Login_FirebaseTests.xctest; sourceTree = BUILT_PRODUCTS_DIR; };
		9DDE21932CFD851100AB4798 /* Login_FirebaseUITests.xctest */ = {isa = PBXFileReference; explicitFileType = wrapper.cfbundle; includeInIndex = 0; path = Login_FirebaseUITests.xctest; sourceTree = BUILT_PRODUCTS_DIR; };
/* End PBXFileReference section */

/* Begin PBXFileSystemSynchronizedBuildFileExceptionSet section */
		9DDE219B2CFD851100AB4798 /* Exceptions for "Login_Firebase" folder in "Login_Firebase" target */ = {
			isa = PBXFileSystemSynchronizedBuildFileExceptionSet;
			membershipExceptions = (
				Info.plist,
			);
			target = 9DDE216F2CFD850F00AB4798 /* Login_Firebase */;
		};
/* End PBXFileSystemSynchronizedBuildFileExceptionSet section */

/* Begin PBXFileSystemSynchronizedRootGroup section */
		9DDE21722CFD850F00AB4798 /* Login_Firebase */ = {
			isa = PBXFileSystemSynchronizedRootGroup;
			exceptions = (
				9DDE219B2CFD851100AB4798 /* Exceptions for "Login_Firebase" folder in "Login_Firebase" target */,
			);
			path = Login_Firebase;
			sourceTree = "<group>";
		};
		9DDE218C2CFD851100AB4798 /* Login_FirebaseTests */ = {
			isa = PBXFileSystemSynchronizedRootGroup;
			path = Login_FirebaseTests;
			sourceTree = "<group>";
		};
		9DDE21962CFD851100AB4798 /* Login_FirebaseUITests */ = {
			isa = PBXFileSystemSynchronizedRootGroup;
			path = Login_FirebaseUITests;
			sourceTree = "<group>";
		};
/* End PBXFileSystemSynchronizedRootGroup section */

/* Begin PBXFrameworksBuildPhase section */
		9DDE216D2CFD850F00AB4798 /* Frameworks */ = {
			isa = PBXFrameworksBuildPhase;
			buildActionMask = 2147483647;
			files = (
			);
			runOnlyForDeploymentPostprocessing = 0;
		};
		9DDE21862CFD851100AB4798 /* Frameworks */ = {
			isa = PBXFrameworksBuildPhase;
			buildActionMask = 2147483647;
			files = (
			);
			runOnlyForDeploymentPostprocessing = 0;
		};
		9DDE21902CFD851100AB4798 /* Frameworks */ = {
			isa = PBXFrameworksBuildPhase;
			buildActionMask = 2147483647;
			files = (
			);
			runOnlyForDeploymentPostprocessing = 0;
		};
/* End PBXFrameworksBuildPhase section */

/* Begin PBXGroup section */
		9DDE21672CFD850F00AB4798 = {
			isa = PBXGroup;
			children = (
				9DDE21722CFD850F00AB4798 /* Login_Firebase */,
				9DDE218C2CFD851100AB4798 /* Login_FirebaseTests */,
				9DDE21962CFD851100AB4798 /* Login_FirebaseUITests */,
				9DDE21712CFD850F00AB4798 /* Products */,
			);
			sourceTree = "<group>";
		};
		9DDE21712CFD850F00AB4798 /* Products */ = {
			isa = PBXGroup;
			children = (
				9DDE21702CFD850F00AB4798 /* Login_Firebase.app */,
				9DDE21892CFD851100AB4798 /* Login_FirebaseTests.xctest */,
				9DDE21932CFD851100AB4798 /* Login_FirebaseUITests.xctest */,
			);
			name = Products;
			sourceTree = "<group>";
		};
/* End PBXGroup section */

/* Begin PBXNativeTarget section */
		9DDE216F2CFD850F00AB4798 /* Login_Firebase */ = {
			isa = PBXNativeTarget;
			buildConfigurationList = 9DDE219C2CFD851100AB4798 /* Build configuration list for PBXNativeTarget "Login_Firebase" */;
			buildPhases = (
				9DDE216C2CFD850F00AB4798 /* Sources */,
				9DDE216D2CFD850F00AB4798 /* Frameworks */,
				9DDE216E2CFD850F00AB4798 /* Resources */,
			);
			buildRules = (
			);
			dependencies = (
			);
			fileSystemSynchronizedGroups = (
				9DDE21722CFD850F00AB4798 /* Login_Firebase */,
			);
			name = Login_Firebase;
			packageProductDependencies = (
			);
			productName = Login_Firebase;
			productReference = 9DDE21702CFD850F00AB4798 /* Login_Firebase.app */;
			productType = "com.apple.product-type.application";
		};
		9DDE21882CFD851100AB4798 /* Login_FirebaseTests */ = {
			isa = PBXNativeTarget;
			buildConfigurationList = 9DDE21A12CFD851100AB4798 /* Build configuration list for PBXNativeTarget "Login_FirebaseTests" */;
			buildPhases = (
				9DDE21852CFD851100AB4798 /* Sources */,
				9DDE21862CFD851100AB4798 /* Frameworks */,
				9DDE21872CFD851100AB4798 /* Resources */,
			);
			buildRules = (
			);
			dependencies = (
				9DDE218B2CFD851100AB4798 /* PBXTargetDependency */,
			);
			fileSystemSynchronizedGroups = (
				9DDE218C2CFD851100AB4798 /* Login_FirebaseTests */,
			);
			name = Login_FirebaseTests;
			packageProductDependencies = (
			);
			productName = Login_FirebaseTests;
			productReference = 9DDE21892CFD851100AB4798 /* Login_FirebaseTests.xctest */;
			productType = "com.apple.product-type.bundle.unit-test";
		};
		9DDE21922CFD851100AB4798 /* Login_FirebaseUITests */ = {
			isa = PBXNativeTarget;
			buildConfigurationList = 9DDE21A42CFD851100AB4798 /* Build configuration list for PBXNativeTarget "Login_FirebaseUITests" */;
			buildPhases = (
				9DDE218F2CFD851100AB4798 /* Sources */,
				9DDE21902CFD851100AB4798 /* Frameworks */,
				9DDE21912CFD851100AB4798 /* Resources */,
			);
			buildRules = (
			);
			dependencies = (
				9DDE21952CFD851100AB4798 /* PBXTargetDependency */,
			);
			fileSystemSynchronizedGroups = (
				9DDE21962CFD851100AB4798 /* Login_FirebaseUITests */,
			);
			name = Login_FirebaseUITests;
			packageProductDependencies = (
			);
			productName = Login_FirebaseUITests;
			productReference = 9DDE21932CFD851100AB4798 /* Login_FirebaseUITests.xctest */;
			productType = "com.apple.product-type.bundle.ui-testing";
		};
/* End PBXNativeTarget section */

/* Begin PBXProject section */
		9DDE21682CFD850F00AB4798 /* Project object */ = {
			isa = PBXProject;
			attributes = {
				BuildIndependentTargetsInParallel = 1;
				LastSwiftUpdateCheck = 1610;
				LastUpgradeCheck = 1610;
				TargetAttributes = {
					9DDE216F2CFD850F00AB4798 = {
						CreatedOnToolsVersion = 16.1;
					};
					9DDE21882CFD851100AB4798 = {
						CreatedOnToolsVersion = 16.1;
						TestTargetID = 9DDE216F2CFD850F00AB4798;
					};
					9DDE21922CFD851100AB4798 = {
						CreatedOnToolsVersion = 16.1;
						TestTargetID = 9DDE216F2CFD850F00AB4798;
					};
				};
			};
			buildConfigurationList = 9DDE216B2CFD850F00AB4798 /* Build configuration list for PBXProject "Login_Firebase" */;
			developmentRegion = en;
			hasScannedForEncodings = 0;
			knownRegions = (
				en,
				Base,
			);
			mainGroup = 9DDE21672CFD850F00AB4798;
			minimizedProjectReferenceProxies = 1;
			preferredProjectObjectVersion = 77;
			productRefGroup = 9DDE21712CFD850F00AB4798 /* Products */;
			projectDirPath = "";
			projectRoot = "";
			targets = (
				9DDE216F2CFD850F00AB4798 /* Login_Firebase */,
				9DDE21882CFD851100AB4798 /* Login_FirebaseTests */,
				9DDE21922CFD851100AB4798 /* Login_FirebaseUITests */,
			);
		};
/* End PBXProject section */

/* Begin PBXResourcesBuildPhase section */
		9DDE216E2CFD850F00AB4798 /* Resources */ = {
			isa = PBXResourcesBuildPhase;
			buildActionMask = 2147483647;
			files = (
			);
			runOnlyForDeploymentPostprocessing = 0;
		};
		9DDE21872CFD851100AB4798 /* Resources */ = {
			isa = PBXResourcesBuildPhase;
			buildActionMask = 2147483647;
			files = (
			);
			runOnlyForDeploymentPostprocessing = 0;
		};
		9DDE21912CFD851100AB4798 /* Resources */ = {
			isa = PBXResourcesBuildPhase;
			buildActionMask = 2147483647;
			files = (
			);
			runOnlyForDeploymentPostprocessing = 0;
		};
/* End PBXResourcesBuildPhase section */

/* Begin PBXSourcesBuildPhase section */
		9DDE216C2CFD850F00AB4798 /* Sources */ = {
			isa = PBXSourcesBuildPhase;
			buildActionMask = 2147483647;
			files = (
			);
			runOnlyForDeploymentPostprocessing = 0;
		};
		9DDE21852CFD851100AB4798 /* Sources */ = {
			isa = PBXSourcesBuildPhase;
			buildActionMask = 2147483647;
			files = (
			);
			runOnlyForDeploymentPostprocessing = 0;
		};
		9DDE218F2CFD851100AB4798 /* Sources */ = {
			isa = PBXSourcesBuildPhase;
			buildActionMask = 2147483647;
			files = (
			);
			runOnlyForDeploymentPostprocessing = 0;
		};
/* End PBXSourcesBuildPhase section */

/* Begin PBXTargetDependency section */
		9DDE218B2CFD851100AB4798 /* PBXTargetDependency */ = {
			isa = PBXTargetDependency;
			target = 9DDE216F2CFD850F00AB4798 /* Login_Firebase */;
			targetProxy = 9DDE218A2CFD851100AB4798 /* PBXContainerItemProxy */;
		};
		9DDE21952CFD851100AB4798 /* PBXTargetDependency */ = {
			isa = PBXTargetDependency;
			target = 9DDE216F2CFD850F00AB4798 /* Login_Firebase */;
			targetProxy = 9DDE21942CFD851100AB4798 /* PBXContainerItemProxy */;
		};
/* End PBXTargetDependency section */

/* Begin XCBuildConfiguration section */
		9DDE219D2CFD851100AB4798 /* Debug */ = {
			isa = XCBuildConfiguration;
			buildSettings = {
				ASSETCATALOG_COMPILER_APPICON_NAME = AppIcon;
				ASSETCATALOG_COMPILER_GLOBAL_ACCENT_COLOR_NAME = AccentColor;
				CODE_SIGN_STYLE = Automatic;
				CURRENT_PROJECT_VERSION = 1;
				DEVELOPMENT_TEAM = P9NXT375QP;
				GENERATE_INFOPLIST_FILE = YES;
				INFOPLIST_FILE = Login_Firebase/Info.plist;
				INFOPLIST_KEY_UIApplicationSupportsIndirectInputEvents = YES;
				INFOPLIST_KEY_UILaunchStoryboardName = LaunchScreen;
				INFOPLIST_KEY_UIMainStoryboardFile = Main;
				INFOPLIST_KEY_UISupportedInterfaceOrientations_iPad = "UIInterfaceOrientationPortrait UIInterfaceOrientationPortraitUpsideDown UIInterfaceOrientationLandscapeLeft UIInterfaceOrientationLandscapeRight";
				INFOPLIST_KEY_UISupportedInterfaceOrientations_iPhone = "UIInterfaceOrientationPortrait UIInterfaceOrientationLandscapeLeft UIInterfaceOrientationLandscapeRight";
				LD_RUNPATH_SEARCH_PATHS = (
					"$(inherited)",
					"@executable_path/Frameworks",
				);
				MARKETING_VERSION = 1.0;
				PRODUCT_BUNDLE_IDENTIFIER = "com.jungguen.Login-Firebase";
				PRODUCT_NAME = "$(TARGET_NAME)";
				SWIFT_EMIT_LOC_STRINGS = YES;
				SWIFT_VERSION = 5.0;
				TARGETED_DEVICE_FAMILY = "1,2";
			};
			name = Debug;
		};
		9DDE219E2CFD851100AB4798 /* Release */ = {
			isa = XCBuildConfiguration;
			buildSettings = {
				ASSETCATALOG_COMPILER_APPICON_NAME = AppIcon;
				ASSETCATALOG_COMPILER_GLOBAL_ACCENT_COLOR_NAME = AccentColor;
				CODE_SIGN_STYLE = Automatic;
				CURRENT_PROJECT_VERSION = 1;
				DEVELOPMENT_TEAM = P9NXT375QP;
				GENERATE_INFOPLIST_FILE = YES;
				INFOPLIST_FILE = Login_Firebase/Info.plist;
				INFOPLIST_KEY_UIApplicationSupportsIndirectInputEvents = YES;
				INFOPLIST_KEY_UILaunchStoryboardName = LaunchScreen;
				INFOPLIST_KEY_UIMainStoryboardFile = Main;
				INFOPLIST_KEY_UISupportedInterfaceOrientations_iPad = "UIInterfaceOrientationPortrait UIInterfaceOrientationPortraitUpsideDown UIInterfaceOrientationLandscapeLeft UIInterfaceOrientationLandscapeRight";
				INFOPLIST_KEY_UISupportedInterfaceOrientations_iPhone = "UIInterfaceOrientationPortrait UIInterfaceOrientationLandscapeLeft UIInterfaceOrientationLandscapeRight";
				LD_RUNPATH_SEARCH_PATHS = (
					"$(inherited)",
					"@executable_path/Frameworks",
				);
				MARKETING_VERSION = 1.0;
				PRODUCT_BUNDLE_IDENTIFIER = "com.jungguen.Login-Firebase";
				PRODUCT_NAME = "$(TARGET_NAME)";
				SWIFT_EMIT_LOC_STRINGS = YES;
				SWIFT_VERSION = 5.0;
				TARGETED_DEVICE_FAMILY = "1,2";
			};
			name = Release;
		};
		9DDE219F2CFD851100AB4798 /* Debug */ = {
			isa = XCBuildConfiguration;
			buildSettings = {
				ALWAYS_SEARCH_USER_PATHS = NO;
				ASSETCATALOG_COMPILER_GENERATE_SWIFT_ASSET_SYMBOL_EXTENSIONS = YES;
				CLANG_ANALYZER_NONNULL = YES;
				CLANG_ANALYZER_NUMBER_OBJECT_CONVERSION = YES_AGGRESSIVE;
				CLANG_CXX_LANGUAGE_STANDARD = "gnu++20";
				CLANG_ENABLE_MODULES = YES;
				CLANG_ENABLE_OBJC_ARC = YES;
				CLANG_ENABLE_OBJC_WEAK = YES;
				CLANG_WARN_BLOCK_CAPTURE_AUTORELEASING = YES;
				CLANG_WARN_BOOL_CONVERSION = YES;
				CLANG_WARN_COMMA = YES;
				CLANG_WARN_CONSTANT_CONVERSION = YES;
				CLANG_WARN_DEPRECATED_OBJC_IMPLEMENTATIONS = YES;
				CLANG_WARN_DIRECT_OBJC_ISA_USAGE = YES_ERROR;
				CLANG_WARN_DOCUMENTATION_COMMENTS = YES;
				CLANG_WARN_EMPTY_BODY = YES;
				CLANG_WARN_ENUM_CONVERSION = YES;
				CLANG_WARN_INFINITE_RECURSION = YES;
				CLANG_WARN_INT_CONVERSION = YES;
				CLANG_WARN_NON_LITERAL_NULL_CONVERSION = YES;
				CLANG_WARN_OBJC_IMPLICIT_RETAIN_SELF = YES;
				CLANG_WARN_OBJC_LITERAL_CONVERSION = YES;
				CLANG_WARN_OBJC_ROOT_CLASS = YES_ERROR;
				CLANG_WARN_QUOTED_INCLUDE_IN_FRAMEWORK_HEADER = YES;
				CLANG_WARN_RANGE_LOOP_ANALYSIS = YES;
				CLANG_WARN_STRICT_PROTOTYPES = YES;
				CLANG_WARN_SUSPICIOUS_MOVE = YES;
				CLANG_WARN_UNGUARDED_AVAILABILITY = YES_AGGRESSIVE;
				CLANG_WARN_UNREACHABLE_CODE = YES;
				CLANG_WARN__DUPLICATE_METHOD_MATCH = YES;
				COPY_PHASE_STRIP = NO;
				DEBUG_INFORMATION_FORMAT = dwarf;
				ENABLE_STRICT_OBJC_MSGSEND = YES;
				ENABLE_TESTABILITY = YES;
				ENABLE_USER_SCRIPT_SANDBOXING = YES;
				GCC_C_LANGUAGE_STANDARD = gnu17;
				GCC_DYNAMIC_NO_PIC = NO;
				GCC_NO_COMMON_BLOCKS = YES;
				GCC_OPTIMIZATION_LEVEL = 0;
				GCC_PREPROCESSOR_DEFINITIONS = (
					"DEBUG=1",
					"$(inherited)",
				);
				GCC_WARN_64_TO_32_BIT_CONVERSION = YES;
				GCC_WARN_ABOUT_RETURN_TYPE = YES_ERROR;
				GCC_WARN_UNDECLARED_SELECTOR = YES;
				GCC_WARN_UNINITIALIZED_AUTOS = YES_AGGRESSIVE;
				GCC_WARN_UNUSED_FUNCTION = YES;
				GCC_WARN_UNUSED_VARIABLE = YES;
				IPHONEOS_DEPLOYMENT_TARGET = 18.1;
				LOCALIZATION_PREFERS_STRING_CATALOGS = YES;
				MTL_ENABLE_DEBUG_INFO = INCLUDE_SOURCE;
				MTL_FAST_MATH = YES;
				ONLY_ACTIVE_ARCH = YES;
				SDKROOT = iphoneos;
				SWIFT_ACTIVE_COMPILATION_CONDITIONS = "DEBUG $(inherited)";
				SWIFT_OPTIMIZATION_LEVEL = "-Onone";
			};
			name = Debug;
		};
		9DDE21A02CFD851100AB4798 /* Release */ = {
			isa = XCBuildConfiguration;
			buildSettings = {
				ALWAYS_SEARCH_USER_PATHS = NO;
				ASSETCATALOG_COMPILER_GENERATE_SWIFT_ASSET_SYMBOL_EXTENSIONS = YES;
				CLANG_ANALYZER_NONNULL = YES;
				CLANG_ANALYZER_NUMBER_OBJECT_CONVERSION = YES_AGGRESSIVE;
				CLANG_CXX_LANGUAGE_STANDARD = "gnu++20";
				CLANG_ENABLE_MODULES = YES;
				CLANG_ENABLE_OBJC_ARC = YES;
				CLANG_ENABLE_OBJC_WEAK = YES;
				CLANG_WARN_BLOCK_CAPTURE_AUTORELEASING = YES;
				CLANG_WARN_BOOL_CONVERSION = YES;
				CLANG_WARN_COMMA = YES;
				CLANG_WARN_CONSTANT_CONVERSION = YES;
				CLANG_WARN_DEPRECATED_OBJC_IMPLEMENTATIONS = YES;
				CLANG_WARN_DIRECT_OBJC_ISA_USAGE = YES_ERROR;
				CLANG_WARN_DOCUMENTATION_COMMENTS = YES;
				CLANG_WARN_EMPTY_BODY = YES;
				CLANG_WARN_ENUM_CONVERSION = YES;
				CLANG_WARN_INFINITE_RECURSION = YES;
				CLANG_WARN_INT_CONVERSION = YES;
				CLANG_WARN_NON_LITERAL_NULL_CONVERSION = YES;
				CLANG_WARN_OBJC_IMPLICIT_RETAIN_SELF = YES;
				CLANG_WARN_OBJC_LITERAL_CONVERSION = YES;
				CLANG_WARN_OBJC_ROOT_CLASS = YES_ERROR;
				CLANG_WARN_QUOTED_INCLUDE_IN_FRAMEWORK_HEADER = YES;
				CLANG_WARN_RANGE_LOOP_ANALYSIS = YES;
				CLANG_WARN_STRICT_PROTOTYPES = YES;
				CLANG_WARN_SUSPICIOUS_MOVE = YES;
				CLANG_WARN_UNGUARDED_AVAILABILITY = YES_AGGRESSIVE;
				CLANG_WARN_UNREACHABLE_CODE = YES;
				CLANG_WARN__DUPLICATE_METHOD_MATCH = YES;
				COPY_PHASE_STRIP = NO;
				DEBUG_INFORMATION_FORMAT = "dwarf-with-dsym";
				ENABLE_NS_ASSERTIONS = NO;
				ENABLE_STRICT_OBJC_MSGSEND = YES;
				ENABLE_USER_SCRIPT_SANDBOXING = YES;
				GCC_C_LANGUAGE_STANDARD = gnu17;
				GCC_NO_COMMON_BLOCKS = YES;
				GCC_WARN_64_TO_32_BIT_CONVERSION = YES;
				GCC_WARN_ABOUT_RETURN_TYPE = YES_ERROR;
				GCC_WARN_UNDECLARED_SELECTOR = YES;
				GCC_WARN_UNINITIALIZED_AUTOS = YES_AGGRESSIVE;
				GCC_WARN_UNUSED_FUNCTION = YES;
				GCC_WARN_UNUSED_VARIABLE = YES;
				IPHONEOS_DEPLOYMENT_TARGET = 18.1;
				LOCALIZATION_PREFERS_STRING_CATALOGS = YES;
				MTL_ENABLE_DEBUG_INFO = NO;
				MTL_FAST_MATH = YES;
				SDKROOT = iphoneos;
				SWIFT_COMPILATION_MODE = wholemodule;
				VALIDATE_PRODUCT = YES;
			};
			name = Release;
		};
		9DDE21A22CFD851100AB4798 /* Debug */ = {
			isa = XCBuildConfiguration;
			buildSettings = {
				BUNDLE_LOADER = "$(TEST_HOST)";
				CODE_SIGN_STYLE = Automatic;
				CURRENT_PROJECT_VERSION = 1;
				DEVELOPMENT_TEAM = P9NXT375QP;
				GENERATE_INFOPLIST_FILE = YES;
				IPHONEOS_DEPLOYMENT_TARGET = 18.1;
				MARKETING_VERSION = 1.0;
				PRODUCT_BUNDLE_IDENTIFIER = "com.jungguen.Login-FirebaseTests";
				PRODUCT_NAME = "$(TARGET_NAME)";
				SWIFT_EMIT_LOC_STRINGS = NO;
				SWIFT_VERSION = 5.0;
				TARGETED_DEVICE_FAMILY = "1,2";
				TEST_HOST = "$(BUILT_PRODUCTS_DIR)/Login_Firebase.app/$(BUNDLE_EXECUTABLE_FOLDER_PATH)/Login_Firebase";
			};
			name = Debug;
		};
		9DDE21A32CFD851100AB4798 /* Release */ = {
			isa = XCBuildConfiguration;
			buildSettings = {
				BUNDLE_LOADER = "$(TEST_HOST)";
				CODE_SIGN_STYLE = Automatic;
				CURRENT_PROJECT_VERSION = 1;
				DEVELOPMENT_TEAM = P9NXT375QP;
				GENERATE_INFOPLIST_FILE = YES;
				IPHONEOS_DEPLOYMENT_TARGET = 18.1;
				MARKETING_VERSION = 1.0;
				PRODUCT_BUNDLE_IDENTIFIER = "com.jungguen.Login-FirebaseTests";
				PRODUCT_NAME = "$(TARGET_NAME)";
				SWIFT_EMIT_LOC_STRINGS = NO;
				SWIFT_VERSION = 5.0;
				TARGETED_DEVICE_FAMILY = "1,2";
				TEST_HOST = "$(BUILT_PRODUCTS_DIR)/Login_Firebase.app/$(BUNDLE_EXECUTABLE_FOLDER_PATH)/Login_Firebase";
			};
			name = Release;
		};
		9DDE21A52CFD851100AB4798 /* Debug */ = {
			isa = XCBuildConfiguration;
			buildSettings = {
				CODE_SIGN_STYLE = Automatic;
				CURRENT_PROJECT_VERSION = 1;
				DEVELOPMENT_TEAM = P9NXT375QP;
				GENERATE_INFOPLIST_FILE = YES;
				MARKETING_VERSION = 1.0;
				PRODUCT_BUNDLE_IDENTIFIER = "com.jungguen.Login-FirebaseUITests";
				PRODUCT_NAME = "$(TARGET_NAME)";
				SWIFT_EMIT_LOC_STRINGS = NO;
				SWIFT_VERSION = 5.0;
				TARGETED_DEVICE_FAMILY = "1,2";
				TEST_TARGET_NAME = Login_Firebase;
			};
			name = Debug;
		};
		9DDE21A62CFD851100AB4798 /* Release */ = {
			isa = XCBuildConfiguration;
			buildSettings = {
				CODE_SIGN_STYLE = Automatic;
				CURRENT_PROJECT_VERSION = 1;
				DEVELOPMENT_TEAM = P9NXT375QP;
				GENERATE_INFOPLIST_FILE = YES;
				MARKETING_VERSION = 1.0;
				PRODUCT_BUNDLE_IDENTIFIER = "com.jungguen.Login-FirebaseUITests";
				PRODUCT_NAME = "$(TARGET_NAME)";
				SWIFT_EMIT_LOC_STRINGS = NO;
				SWIFT_VERSION = 5.0;
				TARGETED_DEVICE_FAMILY = "1,2";
				TEST_TARGET_NAME = Login_Firebase;
			};
			name = Release;
		};
/* End XCBuildConfiguration section */

/* Begin XCConfigurationList section */
		9DDE216B2CFD850F00AB4798 /* Build configuration list for PBXProject "Login_Firebase" */ = {
			isa = XCConfigurationList;
			buildConfigurations = (
				9DDE219F2CFD851100AB4798 /* Debug */,
				9DDE21A02CFD851100AB4798 /* Release */,
			);
			defaultConfigurationIsVisible = 0;
			defaultConfigurationName = Release;
		};
		9DDE219C2CFD851100AB4798 /* Build configuration list for PBXNativeTarget "Login_Firebase" */ = {
			isa = XCConfigurationList;
			buildConfigurations = (
				9DDE219D2CFD851100AB4798 /* Debug */,
				9DDE219E2CFD851100AB4798 /* Release */,
			);
			defaultConfigurationIsVisible = 0;
			defaultConfigurationName = Release;
		};
		9DDE21A12CFD851100AB4798 /* Build configuration list for PBXNativeTarget "Login_FirebaseTests" */ = {
			isa = XCConfigurationList;
			buildConfigurations = (
				9DDE21A22CFD851100AB4798 /* Debug */,
				9DDE21A32CFD851100AB4798 /* Release */,
			);
			defaultConfigurationIsVisible = 0;
			defaultConfigurationName = Release;
		};
		9DDE21A42CFD851100AB4798 /* Build configuration list for PBXNativeTarget "Login_FirebaseUITests" */ = {
			isa = XCConfigurationList;
			buildConfigurations = (
				9DDE21A52CFD851100AB4798 /* Debug */,
				9DDE21A62CFD851100AB4798 /* Release */,
			);
			defaultConfigurationIsVisible = 0;
			defaultConfigurationName = Release;
		};
/* End XCConfigurationList section */
	};
	rootObject = 9DDE21682CFD850F00AB4798 /* Project object */;
}
